
Microsoft Visual Studio Solution File, Format Version 12.00
# Visual Studio Version 17
VisualStudioVersion = 17.8.34511.84
MinimumVisualStudioVersion = 10.0.40219.1
Project("{FAE04EC0-301F-11D3-BF4B-00C04F79EFBC}") = "GoogleGeminiWebAPI", "GoogleGeminiWebAPI.csproj", "{247548CB-4B64-4E61-9513-74D304853268}"
EndProject
Global
	GlobalSection(SolutionConfigurationPlatforms) = preSolution
		Debug|Any CPU = Debug|Any CPU
		Release|Any CPU = Release|Any CPU
	EndGlobalSection
	GlobalSection(ProjectConfigurationPlatforms) = postSolution
		{247548CB-4B64-4E61-9513-74D304853268}.Debug|Any CPU.ActiveCfg = Debug|Any CPU
		{247548CB-4B64-4E61-9513-74D304853268}.Debug|Any CPU.Build.0 = Debug|Any CPU
		{247548CB-4B64-4E61-9513-74D304853268}.Release|Any CPU.ActiveCfg = Release|Any CPU
		{247548CB-4B64-4E61-9513-74D304853268}.Release|Any CPU.Build.0 = Release|Any CPU
	EndGlobalSection
	GlobalSection(SolutionProperties) = preSolution
		HideSolutionNode = FALSE
	EndGlobalSection
	GlobalSection(ExtensibilityGlobals) = postSolution
		SolutionGuid = {152AA707-81E6-467F-858F-4DC2539182B6}
	EndGlobalSection
EndGlobal
